
Microsoft Visual Studio Solution File, Format Version 12.00
# Visual Studio Version 17
VisualStudioVersion = 17.8.34511.84
MinimumVisualStudioVersion = 10.0.40219.1
Project("{FAE04EC0-301F-11D3-BF4B-00C04F79EFBC}") = "dvillavicencioS1T", "dvillavicencioS1T\dvillavicencioS1T.csproj", "{F7B45D3E-BDDD-4A75-BE7B-49071603DA0C}"
EndProject
Global
	GlobalSection(SolutionConfigurationPlatforms) = preSolution
		Debug|Any CPU = Debug|Any CPU
		Release|Any CPU = Release|Any CPU
	EndGlobalSection
	GlobalSection(ProjectConfigurationPlatforms) = postSolution
		{F7B45D3E-BDDD-4A75-BE7B-49071603DA0C}.Debug|Any CPU.ActiveCfg = Debug|Any CPU
		{F7B45D3E-BDDD-4A75-BE7B-49071603DA0C}.Debug|Any CPU.Build.0 = Debug|Any CPU
		{F7B45D3E-BDDD-4A75-BE7B-49071603DA0C}.Debug|Any CPU.Deploy.0 = Debug|Any CPU
		{F7B45D3E-BDDD-4A75-BE7B-49071603DA0C}.Release|Any CPU.ActiveCfg = Release|Any CPU
		{F7B45D3E-BDDD-4A75-BE7B-49071603DA0C}.Release|Any CPU.Build.0 = Release|Any CPU
		{F7B45D3E-BDDD-4A75-BE7B-49071603DA0C}.Release|Any CPU.Deploy.0 = Release|Any CPU
	EndGlobalSection
	GlobalSection(SolutionProperties) = preSolution
		HideSolutionNode = FALSE
	EndGlobalSection
	GlobalSection(ExtensibilityGlobals) = postSolution
		SolutionGuid = {E5C56A1D-488F-447F-8A5D-6A327E55E086}
	EndGlobalSection
EndGlobal
